# This file was autogenerated by uv via the following command:
#    uv pip compile integrations/hermes/gateway-requirements.in --python-version 3.11 --output-file integrations/hermes/gateway-requirements.lock
aiosqlite==0.22.1
    # via
    #   -r integrations/hermes/../../requirements.lock
    #   langgraph-checkpoint-sqlite
annotated-types==0.8.0
    # via
    #   -r integrations/hermes/../../requirements.lock
    #   pydantic
anyio==4.14.2
    # via
    #   -r integrations/hermes/../../requirements.lock
    #   httpx
    #   langsmith
    #   mcp
    #   sse-starlette
    #   starlette
attrs==26.1.0
    # via
    #   jsonschema
    #   referencing
bibtexparser==1.4.4
    # via
    #   -r integrations/hermes/../../requirements.lock
    #   pymatgen
blake3==1.0.9
    # via
    #   -r integrations/hermes/../../requirements.lock
    #   emmet-core
boto3==1.43.56
    # via
    #   -r integrations/hermes/../../requirements.lock
    #   mp-api
botocore==1.43.56
    # via
    #   -r integrations/hermes/../../requirements.lock
    #   boto3
    #   s3transfer
certifi==2026.7.22
    # via
    #   -r integrations/hermes/../../requirements.lock
    #   httpcore
    #   httpx
    #   requests
cffi==2.1.1
    # via cryptography
charset-normalizer==3.4.9
    # via
    #   -r integrations/hermes/../../requirements.lock
    #   requests
click==8.4.2
    # via uvicorn
contourpy==1.3.3
    # via
    #   -r integrations/hermes/../../requirements.lock
    #   matplotlib
cryptography==50.0.0
    # via pyjwt
cycler==0.12.1
    # via
    #   -r integrations/hermes/../../requirements.lock
    #   matplotlib
distro==1.9.0
    # via
    #   -r integrations/hermes/../../requirements.lock
    #   langsmith
emmet-core==0.86.2
    # via
    #   -r integrations/hermes/../../requirements.lock
    #   mp-api
fonttools==4.63.0
    # via
    #   -r integrations/hermes/../../requirements.lock
    #   matplotlib
h11==0.16.0
    # via
    #   -r integrations/hermes/../../requirements.lock
    #   httpcore
    #   uvicorn
httpcore==1.0.9
    # via
    #   -r integrations/hermes/../../requirements.lock
    #   httpx
httpx==0.28.1
    # via
    #   -r integrations/hermes/../../requirements.lock
    #   langgraph-sdk
    #   langsmith
    #   mcp
httpx-sse==0.4.3
    # via mcp
idna==3.18
    # via
    #   -r integrations/hermes/../../requirements.lock
    #   anyio
    #   httpx
    #   requests
inflect==7.5.0
    # via -r integrations/hermes/../../requirements.lock
iniconfig==2.3.0
    # via
    #   -r integrations/hermes/../../requirements.lock
    #   pytest
jmespath==1.1.0
    # via
    #   -r integrations/hermes/../../requirements.lock
    #   boto3
    #   botocore
joblib==1.5.3
    # via
    #   -r integrations/hermes/../../requirements.lock
    #   pymatgen
jsonpatch==1.33
    # via
    #   -r integrations/hermes/../../requirements.lock
    #   langchain-core
jsonpointer==3.1.1
    # via
    #   -r integrations/hermes/../../requirements.lock
    #   jsonpatch
jsonschema==4.26.0
    # via mcp
jsonschema-specifications==2025.9.1
    # via jsonschema
kiwisolver==1.5.0
    # via
    #   -r integrations/hermes/../../requirements.lock
    #   matplotlib
langchain-core==1.5.1
    # via
    #   -r integrations/hermes/../../requirements.lock
    #   langgraph
    #   langgraph-checkpoint
    #   langgraph-prebuilt
    #   langgraph-sdk
langchain-protocol==0.0.18
    # via
    #   -r integrations/hermes/../../requirements.lock
    #   langchain-core
    #   langgraph-sdk
langgraph==1.2.9
    # via -r integrations/hermes/../../requirements.lock
langgraph-checkpoint==4.1.1
    # via
    #   -r integrations/hermes/../../requirements.lock
    #   langgraph
    #   langgraph-checkpoint-sqlite
    #   langgraph-prebuilt
langgraph-checkpoint-sqlite==3.1.0
    # via -r integrations/hermes/../../requirements.lock
langgraph-prebuilt==1.1.0
    # via
    #   -r integrations/hermes/../../requirements.lock
    #   langgraph
langgraph-sdk==0.4.2
    # via
    #   -r integrations/hermes/../../requirements.lock
    #   langgraph
langsmith==0.10.10
    # via
    #   -r integrations/hermes/../../requirements.lock
    #   langchain-core
latexcodec==3.0.1
    # via
    #   -r integrations/hermes/../../requirements.lock
    #   pybtex
matplotlib==3.11.1
    # via
    #   -r integrations/hermes/../../requirements.lock
    #   pymatgen
mcp==1.28.1
    # via -r integrations/hermes/gateway-requirements.in
monty==2026.7.16
    # via
    #   -r integrations/hermes/../../requirements.lock
    #   emmet-core
    #   mp-api
    #   pymatgen
more-itertools==11.1.0
    # via
    #   -r integrations/hermes/../../requirements.lock
    #   inflect
mp-api==0.45.15
    # via -r integrations/hermes/../../requirements.lock
mp-pyrho==0.5.1
    # via -r integrations/hermes/../../requirements.lock
mpmath==1.3.0
    # via
    #   -r integrations/hermes/../../requirements.lock
    #   sympy
msgpack==1.2.1
    # via
    #   -r integrations/hermes/../../requirements.lock
    #   mp-api
narwhals==2.24.0
    # via
    #   -r integrations/hermes/../../requirements.lock
    #   plotly
networkx==3.6.1
    # via
    #   -r integrations/hermes/../../requirements.lock
    #   pymatgen
numpy==2.4.6
    # via
    #   -r integrations/hermes/../../requirements.lock
    #   contourpy
    #   matplotlib
    #   monty
    #   pandas
    #   pymatgen
    #   pymatgen-io-validation
    #   scipy
    #   spglib
orjson==3.11.9
    # via
    #   -r integrations/hermes/../../requirements.lock
    #   langgraph-sdk
    #   langsmith
    #   mp-api
    #   pymatgen
ormsgpack==1.12.2
    # via
    #   -r integrations/hermes/../../requirements.lock
    #   langgraph-checkpoint
packaging==26.2
    # via
    #   -r integrations/hermes/../../requirements.lock
    #   langchain-core
    #   langsmith
    #   matplotlib
    #   plotly
    #   pytest
palettable==3.3.3
    # via
    #   -r integrations/hermes/../../requirements.lock
    #   pymatgen
pandas==3.0.5
    # via
    #   -r integrations/hermes/../../requirements.lock
    #   pymatgen
pillow==12.3.0
    # via
    #   -r integrations/hermes/../../requirements.lock
    #   matplotlib
plotly==6.9.0
    # via
    #   -r integrations/hermes/../../requirements.lock
    #   pymatgen
pluggy==1.6.0
    # via
    #   -r integrations/hermes/../../requirements.lock
    #   pytest
pubchempy==1.0.5
    # via -r integrations/hermes/../../requirements.lock
pybtex==0.26.1
    # via
    #   -r integrations/hermes/../../requirements.lock
    #   emmet-core
pycparser==3.0
    # via cffi
pydantic==2.12.5
    # via
    #   -r integrations/hermes/../../requirements.lock
    #   emmet-core
    #   langchain-core
    #   langgraph
    #   langsmith
    #   mcp
    #   pydantic-settings
    #   pymatgen-io-validation
pydantic-core==2.41.5
    # via
    #   -r integrations/hermes/../../requirements.lock
    #   pydantic
pydantic-settings==2.14.2
    # via
    #   -r integrations/hermes/../../requirements.lock
    #   emmet-core
    #   mcp
    #   pymatgen-io-validation
pygments==2.20.0
    # via
    #   -r integrations/hermes/../../requirements.lock
    #   pytest
pyjwt==2.13.0
    # via mcp
pymatgen==2025.10.7
    # via
    #   -r integrations/hermes/../../requirements.lock
    #   emmet-core
    #   mp-api
    #   mp-pyrho
    #   pymatgen-io-validation
pymatgen-io-validation==0.1.2
    # via
    #   -r integrations/hermes/../../requirements.lock
    #   emmet-core
pyparsing==3.3.2
    # via
    #   -r integrations/hermes/../../requirements.lock
    #   bibtexparser
    #   matplotlib
pytest==9.1.1
    # via -r integrations/hermes/../../requirements.lock
python-dateutil==2.9.0.post0
    # via
    #   -r integrations/hermes/../../requirements.lock
    #   botocore
    #   matplotlib
    #   pandas
python-dotenv==1.2.2
    # via
    #   -r integrations/hermes/../../requirements.lock
    #   pydantic-settings
python-multipart==0.0.32
    # via mcp
pyyaml==6.0.3
    # via
    #   -r integrations/hermes/../../requirements.lock
    #   langchain-core
    #   pybtex
referencing==0.37.0
    # via
    #   jsonschema
    #   jsonschema-specifications
requests==2.34.2
    # via
    #   -r integrations/hermes/../../requirements.lock
    #   langsmith
    #   mp-api
    #   pymatgen
    #   pymatgen-io-validation
    #   requests-toolbelt
requests-toolbelt==1.0.0
    # via
    #   -r integrations/hermes/../../requirements.lock
    #   langsmith
rpds-py==2026.6.3
    # via
    #   jsonschema
    #   referencing
ruamel-yaml==0.19.1
    # via
    #   -r integrations/hermes/../../requirements.lock
    #   monty
    #   pymatgen
s3transfer==0.19.2
    # via
    #   -r integrations/hermes/../../requirements.lock
    #   boto3
scipy==1.17.1
    # via
    #   -r integrations/hermes/../../requirements.lock
    #   pymatgen
six==1.17.0
    # via
    #   -r integrations/hermes/../../requirements.lock
    #   python-dateutil
smart-open==8.0.1
    # via
    #   -r integrations/hermes/../../requirements.lock
    #   mp-api
sniffio==1.3.1
    # via
    #   -r integrations/hermes/../../requirements.lock
    #   langsmith
spglib==2.7.0
    # via
    #   -r integrations/hermes/../../requirements.lock
    #   pymatgen
sqlite-vec==0.1.9
    # via
    #   -r integrations/hermes/../../requirements.lock
    #   langgraph-checkpoint-sqlite
sse-starlette==3.4.8
    # via mcp
starlette==1.4.1
    # via
    #   mcp
    #   sse-starlette
sympy==1.14.0
    # via
    #   -r integrations/hermes/../../requirements.lock
    #   pymatgen
tabulate==0.10.0
    # via
    #   -r integrations/hermes/../../requirements.lock
    #   pymatgen
tenacity==9.1.4
    # via
    #   -r integrations/hermes/../../requirements.lock
    #   langchain-core
tqdm==4.69.1
    # via
    #   -r integrations/hermes/../../requirements.lock
    #   pymatgen
typeguard==4.5.2
    # via
    #   -r integrations/hermes/../../requirements.lock
    #   inflect
typing-extensions==4.16.0
    # via
    #   -r integrations/hermes/../../requirements.lock
    #   anyio
    #   blake3
    #   emmet-core
    #   langchain-core
    #   langchain-protocol
    #   langsmith
    #   mcp
    #   mp-api
    #   pydantic
    #   pydantic-core
    #   referencing
    #   spglib
    #   starlette
    #   typeguard
    #   typing-inspection
typing-inspection==0.4.2
    # via
    #   -r integrations/hermes/../../requirements.lock
    #   mcp
    #   pydantic
    #   pydantic-settings
uncertainties==3.2.3
    # via
    #   -r integrations/hermes/../../requirements.lock
    #   pymatgen
urllib3==2.7.0
    # via
    #   -r integrations/hermes/../../requirements.lock
    #   botocore
    #   requests
uuid-utils==0.17.0
    # via
    #   -r integrations/hermes/../../requirements.lock
    #   langchain-core
    #   langsmith
uvicorn==0.52.1
    # via mcp
websockets==15.0.1
    # via
    #   -r integrations/hermes/../../requirements.lock
    #   langgraph-sdk
    #   langsmith
wrapt==2.2.2
    # via
    #   -r integrations/hermes/../../requirements.lock
    #   smart-open
xxhash==3.8.1
    # via
    #   -r integrations/hermes/../../requirements.lock
    #   langgraph
    #   langsmith
zstandard==0.25.0
    # via
    #   -r integrations/hermes/../../requirements.lock
    #   langsmith
